
Microsoft Visual Studio Solution File, Format Version 12.00
# Visual Studio Version 16
VisualStudioVersion = 16.0.31105.61
MinimumVisualStudioVersion = 10.0.40219.1
Project("{888888A0-9F3D-457C-B088-3A5042F75D52}") = "PythonTask2", "PythonTask2\PythonTask2.pyproj", "{CD81096D-9444-4766-A1DC-13C0541935FF}"
EndProject
Global
	GlobalSection(SolutionConfigurationPlatforms) = preSolution
		Debug|Any CPU = Debug|Any CPU
		Release|Any CPU = Release|Any CPU
	EndGlobalSection
	GlobalSection(ProjectConfigurationPlatforms) = postSolution
		{CD81096D-9444-4766-A1DC-13C0541935FF}.Debug|Any CPU.ActiveCfg = Debug|Any CPU
		{CD81096D-9444-4766-A1DC-13C0541935FF}.Release|Any CPU.ActiveCfg = Release|Any CPU
	EndGlobalSection
	GlobalSection(SolutionProperties) = preSolution
		HideSolutionNode = FALSE
	EndGlobalSection
	GlobalSection(ExtensibilityGlobals) = postSolution
		SolutionGuid = {F0E056B8-CF81-4B73-B2D8-FFD24F0FF182}
	EndGlobalSection
EndGlobal
